
Microsoft Visual Studio Solution File, Format Version 12.00
# Visual Studio 15
VisualStudioVersion = 15.0.27130.2010
MinimumVisualStudioVersion = 10.0.40219.1
Project("{FAE04EC0-301F-11D3-BF4B-00C04F79EFBC}") = "MvxNativeApp.Core", "src\MvxNativeApp.Core\MvxNativeApp.Core.csproj", "{7FE6EB95-C685-4698-9A38-21301C6CBA45}"
EndProject
Project("{FAE04EC0-301F-11D3-BF4B-00C04F79EFBC}") = "MvxNativeApp.Droid", "src\MvxNativeApp.Droid\MvxNativeApp.Droid.csproj", "{EDBF6F71-94CD-4A01-B729-A5AC255D9212}"
EndProject
Project("{FAE04EC0-301F-11D3-BF4B-00C04F79EFBC}") = "MvxNativeApp.iOS", "src\MvxNativeApp.iOS\MvxNativeApp.iOS.csproj", "{CFDDAA9E-4D89-490C-89B3-B03D79E6344E}"
EndProject
Project("{FAE04EC0-301F-11D3-BF4B-00C04F79EFBC}") = "MvxNativeApp.Core.Test", "test\MvxNativeApp.Core.Test\MvxNativeApp.Core.Test.csproj", "{8F624466-0A24-4726-B043-B2FCA0235D58}"
EndProject
Project("{FAE04EC0-301F-11D3-BF4B-00C04F79EFBC}") = "MvxNativeApp.Droid.Test", "test\MvxNativeApp.Droid.Test\MvxNativeApp.Droid.Test.csproj", "{FBB4192F-3CCF-43A6-B1E5-06A923F4AC34}"
EndProject
Project("{D954291E-2A0B-460D-934E-DC6B0785DB48}") = "MvxNativeApp.Droid.Shared", "src\MvxNativeApp.Droid.Shared\MvxNativeApp.Droid.Shared.shproj", "{77BB44F5-2609-470C-9F70-FD900BD27EB7}"
EndProject
Project("{FAE04EC0-301F-11D3-BF4B-00C04F79EFBC}") = "MvxNativeApp.Droid.UI.Test", "test\MvxNativeApp.Droid.UI.Test\MvxNativeApp.Droid.UI.Test.csproj", "{1AD90899-88FC-4DE1-8520-300FA2803C2F}"
EndProject
Project("{FAE04EC0-301F-11D3-BF4B-00C04F79EFBC}") = "MvxNativeApp.iOS.Test", "test\MvxNativeApp.iOS.Test\MvxNativeApp.iOS.Test.csproj", "{745268D5-01E9-46AF-A014-266A5437A8E9}"
EndProject
Project("{FAE04EC0-301F-11D3-BF4B-00C04F79EFBC}") = "MvxNativeApp.iOS.UI.Test", "test\MvxNativeApp.iOS.UI.Test\MvxNativeApp.iOS.UI.Test.csproj", "{A1D25648-E6CB-45AF-A346-F3186967A09E}"
EndProject
Project("{2150E333-8FDC-42A3-9474-1A3956D46DE8}") = "Tests", "Tests", "{FEF6AF42-7A62-4A7D-BD44-6A15821C445F}"
EndProject
Project("{2150E333-8FDC-42A3-9474-1A3956D46DE8}") = "!Solution Items", "!Solution Items", "{53D60F6D-DFD2-4C9A-B6FD-71219FCADADD}"
	ProjectSection(SolutionItems) = preProject
		.editorconfig = .editorconfig
	EndProjectSection
EndProject
Global
	GlobalSection(SharedMSBuildProjectFiles) = preSolution
		src\MvxNativeApp.Droid.Shared\MvxNativeApp.Droid.Shared.projitems*{EDBF6F71-94CD-4A01-B729-A5AC255D9212}*SharedItemsImports = 4
		src\MvxNativeApp.Droid.Shared\MvxNativeApp.Droid.Shared.projitems*{FBB4192F-3CCF-43A6-B1E5-06A923F4AC34}*SharedItemsImports = 4
		src\MvxNativeApp.Droid.Shared\MvxNativeApp.Droid.Shared.projitems*{77BB44F5-2609-470C-9F70-FD900BD27EB7}*SharedItemsImports = 13
	EndGlobalSection
	GlobalSection(SolutionConfigurationPlatforms) = preSolution
		Ad-Hoc|Any CPU = Ad-Hoc|Any CPU
		Ad-Hoc|ARM = Ad-Hoc|ARM
		Ad-Hoc|iPhone = Ad-Hoc|iPhone
		Ad-Hoc|iPhoneSimulator = Ad-Hoc|iPhoneSimulator
		Ad-Hoc|x64 = Ad-Hoc|x64
		Ad-Hoc|x86 = Ad-Hoc|x86
		AppStore|Any CPU = AppStore|Any CPU
		AppStore|ARM = AppStore|ARM
		AppStore|iPhone = AppStore|iPhone
		AppStore|iPhoneSimulator = AppStore|iPhoneSimulator
		AppStore|x64 = AppStore|x64
		AppStore|x86 = AppStore|x86
		Debug|Any CPU = Debug|Any CPU
		Debug|ARM = Debug|ARM
		Debug|iPhone = Debug|iPhone
		Debug|iPhoneSimulator = Debug|iPhoneSimulator
		Debug|x64 = Debug|x64
		Debug|x86 = Debug|x86
		Release|Any CPU = Release|Any CPU
		Release|ARM = Release|ARM
		Release|iPhone = Release|iPhone
		Release|iPhoneSimulator = Release|iPhoneSimulator
		Release|x64 = Release|x64
		Release|x86 = Release|x86
	EndGlobalSection
	GlobalSection(ProjectConfigurationPlatforms) = postSolution
		{7FE6EB95-C685-4698-9A38-21301C6CBA45}.Ad-Hoc|Any CPU.ActiveCfg = Debug|Any CPU
		{7FE6EB95-C685-4698-9A38-21301C6CBA45}.Ad-Hoc|Any CPU.Build.0 = Debug|Any CPU
		{7FE6EB95-C685-4698-9A38-21301C6CBA45}.Ad-Hoc|ARM.ActiveCfg = Debug|Any CPU
		{7FE6EB95-C685-4698-9A38-21301C6CBA45}.Ad-Hoc|ARM.Build.0 = Debug|Any CPU
		{7FE6EB95-C685-4698-9A38-21301C6CBA45}.Ad-Hoc|iPhone.ActiveCfg = Debug|Any CPU
		{7FE6EB95-C685-4698-9A38-21301C6CBA45}.Ad-Hoc|iPhone.Build.0 = Debug|Any CPU
		{7FE6EB95-C685-4698-9A38-21301C6CBA45}.Ad-Hoc|iPhoneSimulator.ActiveCfg = Debug|Any CPU
		{7FE6EB95-C685-4698-9A38-21301C6CBA45}.Ad-Hoc|iPhoneSimulator.Build.0 = Debug|Any CPU
		{7FE6EB95-C685-4698-9A38-21301C6CBA45}.Ad-Hoc|x64.ActiveCfg = Debug|Any CPU
		{7FE6EB95-C685-4698-9A38-21301C6CBA45}.Ad-Hoc|x64.Build.0 = Debug|Any CPU
		{7FE6EB95-C685-4698-9A38-21301C6CBA45}.Ad-Hoc|x86.ActiveCfg = Debug|Any CPU
		{7FE6EB95-C685-4698-9A38-21301C6CBA45}.Ad-Hoc|x86.Build.0 = Debug|Any CPU
		{7FE6EB95-C685-4698-9A38-21301C6CBA45}.AppStore|Any CPU.ActiveCfg = Debug|Any CPU
		{7FE6EB95-C685-4698-9A38-21301C6CBA45}.AppStore|Any CPU.Build.0 = Debug|Any CPU
		{7FE6EB95-C685-4698-9A38-21301C6CBA45}.AppStore|ARM.ActiveCfg = Debug|Any CPU
		{7FE6EB95-C685-4698-9A38-21301C6CBA45}.AppStore|ARM.Build.0 = Debug|Any CPU
		{7FE6EB95-C685-4698-9A38-21301C6CBA45}.AppStore|iPhone.ActiveCfg = Debug|Any CPU
		{7FE6EB95-C685-4698-9A38-21301C6CBA45}.AppStore|iPhone.Build.0 = Debug|Any CPU
		{7FE6EB95-C685-4698-9A38-21301C6CBA45}.AppStore|iPhoneSimulator.ActiveCfg = Debug|Any CPU
		{7FE6EB95-C685-4698-9A38-21301C6CBA45}.AppStore|iPhoneSimulator.Build.0 = Debug|Any CPU
		{7FE6EB95-C685-4698-9A38-21301C6CBA45}.AppStore|x64.ActiveCfg = Debug|Any CPU
		{7FE6EB95-C685-4698-9A38-21301C6CBA45}.AppStore|x64.Build.0 = Debug|Any CPU
		{7FE6EB95-C685-4698-9A38-21301C6CBA45}.AppStore|x86.ActiveCfg = Debug|Any CPU
		{7FE6EB95-C685-4698-9A38-21301C6CBA45}.AppStore|x86.Build.0 = Debug|Any CPU
		{7FE6EB95-C685-4698-9A38-21301C6CBA45}.Debug|Any CPU.ActiveCfg = Debug|Any CPU
		{7FE6EB95-C685-4698-9A38-21301C6CBA45}.Debug|Any CPU.Build.0 = Debug|Any CPU
		{7FE6EB95-C685-4698-9A38-21301C6CBA45}.Debug|ARM.ActiveCfg = Debug|Any CPU
		{7FE6EB95-C685-4698-9A38-21301C6CBA45}.Debug|ARM.Build.0 = Debug|Any CPU
		{7FE6EB95-C685-4698-9A38-21301C6CBA45}.Debug|iPhone.ActiveCfg = Debug|Any CPU
		{7FE6EB95-C685-4698-9A38-21301C6CBA45}.Debug|iPhone.Build.0 = Debug|Any CPU
		{7FE6EB95-C685-4698-9A38-21301C6CBA45}.Debug|iPhoneSimulator.ActiveCfg = Debug|Any CPU
		{7FE6EB95-C685-4698-9A38-21301C6CBA45}.Debug|iPhoneSimulator.Build.0 = Debug|Any CPU
		{7FE6EB95-C685-4698-9A38-21301C6CBA45}.Debug|x64.ActiveCfg = Debug|Any CPU
		{7FE6EB95-C685-4698-9A38-21301C6CBA45}.Debug|x64.Build.0 = Debug|Any CPU
		{7FE6EB95-C685-4698-9A38-21301C6CBA45}.Debug|x86.ActiveCfg = Debug|Any CPU
		{7FE6EB95-C685-4698-9A38-21301C6CBA45}.Debug|x86.Build.0 = Debug|Any CPU
		{7FE6EB95-C685-4698-9A38-21301C6CBA45}.Release|Any CPU.ActiveCfg = Release|Any CPU
		{7FE6EB95-C685-4698-9A38-21301C6CBA45}.Release|Any CPU.Build.0 = Release|Any CPU
		{7FE6EB95-C685-4698-9A38-21301C6CBA45}.Release|ARM.ActiveCfg = Release|Any CPU
		{7FE6EB95-C685-4698-9A38-21301C6CBA45}.Release|ARM.Build.0 = Release|Any CPU
		{7FE6EB95-C685-4698-9A38-21301C6CBA45}.Release|iPhone.ActiveCfg = Release|Any CPU
		{7FE6EB95-C685-4698-9A38-21301C6CBA45}.Release|iPhone.Build.0 = Release|Any CPU
		{7FE6EB95-C685-4698-9A38-21301C6CBA45}.Release|iPhoneSimulator.ActiveCfg = Release|Any CPU
		{7FE6EB95-C685-4698-9A38-21301C6CBA45}.Release|iPhoneSimulator.Build.0 = Release|Any CPU
		{7FE6EB95-C685-4698-9A38-21301C6CBA45}.Release|x64.ActiveCfg = Release|Any CPU
		{7FE6EB95-C685-4698-9A38-21301C6CBA45}.Release|x64.Build.0 = Release|Any CPU
		{7FE6EB95-C685-4698-9A38-21301C6CBA45}.Release|x86.ActiveCfg = Release|Any CPU
		{7FE6EB95-C685-4698-9A38-21301C6CBA45}.Release|x86.Build.0 = Release|Any CPU
		{EDBF6F71-94CD-4A01-B729-A5AC255D9212}.Ad-Hoc|Any CPU.ActiveCfg = Release|Any CPU
		{EDBF6F71-94CD-4A01-B729-A5AC255D9212}.Ad-Hoc|Any CPU.Build.0 = Release|Any CPU
		{EDBF6F71-94CD-4A01-B729-A5AC255D9212}.Ad-Hoc|Any CPU.Deploy.0 = Release|Any CPU
		{EDBF6F71-94CD-4A01-B729-A5AC255D9212}.Ad-Hoc|ARM.ActiveCfg = Release|Any CPU
		{EDBF6F71-94CD-4A01-B729-A5AC255D9212}.Ad-Hoc|ARM.Build.0 = Release|Any CPU
		{EDBF6F71-94CD-4A01-B729-A5AC255D9212}.Ad-Hoc|ARM.Deploy.0 = Release|Any CPU
		{EDBF6F71-94CD-4A01-B729-A5AC255D9212}.Ad-Hoc|iPhone.ActiveCfg = Release|Any CPU
		{EDBF6F71-94CD-4A01-B729-A5AC255D9212}.Ad-Hoc|iPhone.Build.0 = Release|Any CPU
		{EDBF6F71-94CD-4A01-B729-A5AC255D9212}.Ad-Hoc|iPhone.Deploy.0 = Release|Any CPU
		{EDBF6F71-94CD-4A01-B729-A5AC255D9212}.Ad-Hoc|iPhoneSimulator.ActiveCfg = Release|Any CPU
		{EDBF6F71-94CD-4A01-B729-A5AC255D9212}.Ad-Hoc|iPhoneSimulator.Build.0 = Release|Any CPU
		{EDBF6F71-94CD-4A01-B729-A5AC255D9212}.Ad-Hoc|iPhoneSimulator.Deploy.0 = Release|Any CPU
		{EDBF6F71-94CD-4A01-B729-A5AC255D9212}.Ad-Hoc|x64.ActiveCfg = Release|Any CPU
		{EDBF6F71-94CD-4A01-B729-A5AC255D9212}.Ad-Hoc|x64.Build.0 = Release|Any CPU
		{EDBF6F71-94CD-4A01-B729-A5AC255D9212}.Ad-Hoc|x64.Deploy.0 = Release|Any CPU
		{EDBF6F71-94CD-4A01-B729-A5AC255D9212}.Ad-Hoc|x86.ActiveCfg = Release|Any CPU
		{EDBF6F71-94CD-4A01-B729-A5AC255D9212}.Ad-Hoc|x86.Build.0 = Release|Any CPU
		{EDBF6F71-94CD-4A01-B729-A5AC255D9212}.Ad-Hoc|x86.Deploy.0 = Release|Any CPU
		{EDBF6F71-94CD-4A01-B729-A5AC255D9212}.AppStore|Any CPU.ActiveCfg = Release|Any CPU
		{EDBF6F71-94CD-4A01-B729-A5AC255D9212}.AppStore|Any CPU.Build.0 = Release|Any CPU
		{EDBF6F71-94CD-4A01-B729-A5AC255D9212}.AppStore|Any CPU.Deploy.0 = Release|Any CPU
		{EDBF6F71-94CD-4A01-B729-A5AC255D9212}.AppStore|ARM.ActiveCfg = Release|Any CPU
		{EDBF6F71-94CD-4A01-B729-A5AC255D9212}.AppStore|ARM.Build.0 = Release|Any CPU
		{EDBF6F71-94CD-4A01-B729-A5AC255D9212}.AppStore|ARM.Deploy.0 = Release|Any CPU
		{EDBF6F71-94CD-4A01-B729-A5AC255D9212}.AppStore|iPhone.ActiveCfg = Release|Any CPU
		{EDBF6F71-94CD-4A01-B729-A5AC255D9212}.AppStore|iPhone.Build.0 = Release|Any CPU
		{EDBF6F71-94CD-4A01-B729-A5AC255D9212}.AppStore|iPhone.Deploy.0 = Release|Any CPU
		{EDBF6F71-94CD-4A01-B729-A5AC255D9212}.AppStore|iPhoneSimulator.ActiveCfg = Release|Any CPU
		{EDBF6F71-94CD-4A01-B729-A5AC255D9212}.AppStore|iPhoneSimulator.Build.0 = Release|Any CPU
		{EDBF6F71-94CD-4A01-B729-A5AC255D9212}.AppStore|iPhoneSimulator.Deploy.0 = Release|Any CPU
		{EDBF6F71-94CD-4A01-B729-A5AC255D9212}.AppStore|x64.ActiveCfg = Release|Any CPU
		{EDBF6F71-94CD-4A01-B729-A5AC255D9212}.AppStore|x64.Build.0 = Release|Any CPU
		{EDBF6F71-94CD-4A01-B729-A5AC255D9212}.AppStore|x64.Deploy.0 = Release|Any CPU
		{EDBF6F71-94CD-4A01-B729-A5AC255D9212}.AppStore|x86.ActiveCfg = Release|Any CPU
		{EDBF6F71-94CD-4A01-B729-A5AC255D9212}.AppStore|x86.Build.0 = Release|Any CPU
		{EDBF6F71-94CD-4A01-B729-A5AC255D9212}.AppStore|x86.Deploy.0 = Release|Any CPU
		{EDBF6F71-94CD-4A01-B729-A5AC255D9212}.Debug|Any CPU.ActiveCfg = Debug|Any CPU
		{EDBF6F71-94CD-4A01-B729-A5AC255D9212}.Debug|Any CPU.Build.0 = Debug|Any CPU
		{EDBF6F71-94CD-4A01-B729-A5AC255D9212}.Debug|Any CPU.Deploy.0 = Debug|Any CPU
		{EDBF6F71-94CD-4A01-B729-A5AC255D9212}.Debug|ARM.ActiveCfg = Debug|Any CPU
		{EDBF6F71-94CD-4A01-B729-A5AC255D9212}.Debug|ARM.Build.0 = Debug|Any CPU
		{EDBF6F71-94CD-4A01-B729-A5AC255D9212}.Debug|ARM.Deploy.0 = Debug|Any CPU
		{EDBF6F71-94CD-4A01-B729-A5AC255D9212}.Debug|iPhone.ActiveCfg = Debug|Any CPU
		{EDBF6F71-94CD-4A01-B729-A5AC255D9212}.Debug|iPhone.Build.0 = Debug|Any CPU
		{EDBF6F71-94CD-4A01-B729-A5AC255D9212}.Debug|iPhone.Deploy.0 = Debug|Any CPU
		{EDBF6F71-94CD-4A01-B729-A5AC255D9212}.Debug|iPhoneSimulator.ActiveCfg = Debug|Any CPU
		{EDBF6F71-94CD-4A01-B729-A5AC255D9212}.Debug|iPhoneSimulator.Build.0 = Debug|Any CPU
		{EDBF6F71-94CD-4A01-B729-A5AC255D9212}.Debug|iPhoneSimulator.Deploy.0 = Debug|Any CPU
		{EDBF6F71-94CD-4A01-B729-A5AC255D9212}.Debug|x64.ActiveCfg = Debug|Any CPU
		{EDBF6F71-94CD-4A01-B729-A5AC255D9212}.Debug|x64.Build.0 = Debug|Any CPU
		{EDBF6F71-94CD-4A01-B729-A5AC255D9212}.Debug|x64.Deploy.0 = Debug|Any CPU
		{EDBF6F71-94CD-4A01-B729-A5AC255D9212}.Debug|x86.ActiveCfg = Debug|Any CPU
		{EDBF6F71-94CD-4A01-B729-A5AC255D9212}.Debug|x86.Build.0 = Debug|Any CPU
		{EDBF6F71-94CD-4A01-B729-A5AC255D9212}.Debug|x86.Deploy.0 = Debug|Any CPU
		{EDBF6F71-94CD-4A01-B729-A5AC255D9212}.Release|Any CPU.ActiveCfg = Release|Any CPU
		{EDBF6F71-94CD-4A01-B729-A5AC255D9212}.Release|Any CPU.Build.0 = Release|Any CPU
		{EDBF6F71-94CD-4A01-B729-A5AC255D9212}.Release|Any CPU.Deploy.0 = Release|Any CPU
		{EDBF6F71-94CD-4A01-B729-A5AC255D9212}.Release|ARM.ActiveCfg = Release|Any CPU
		{EDBF6F71-94CD-4A01-B729-A5AC255D9212}.Release|ARM.Build.0 = Release|Any CPU
		{EDBF6F71-94CD-4A01-B729-A5AC255D9212}.Release|ARM.Deploy.0 = Release|Any CPU
		{EDBF6F71-94CD-4A01-B729-A5AC255D9212}.Release|iPhone.ActiveCfg = Release|Any CPU
		{EDBF6F71-94CD-4A01-B729-A5AC255D9212}.Release|iPhone.Build.0 = Release|Any CPU
		{EDBF6F71-94CD-4A01-B729-A5AC255D9212}.Release|iPhone.Deploy.0 = Release|Any CPU
		{EDBF6F71-94CD-4A01-B729-A5AC255D9212}.Release|iPhoneSimulator.ActiveCfg = Release|Any CPU
		{EDBF6F71-94CD-4A01-B729-A5AC255D9212}.Release|iPhoneSimulator.Build.0 = Release|Any CPU
		{EDBF6F71-94CD-4A01-B729-A5AC255D9212}.Release|iPhoneSimulator.Deploy.0 = Release|Any CPU
		{EDBF6F71-94CD-4A01-B729-A5AC255D9212}.Release|x64.ActiveCfg = Release|Any CPU
		{EDBF6F71-94CD-4A01-B729-A5AC255D9212}.Release|x64.Build.0 = Release|Any CPU
		{EDBF6F71-94CD-4A01-B729-A5AC255D9212}.Release|x64.Deploy.0 = Release|Any CPU
		{EDBF6F71-94CD-4A01-B729-A5AC255D9212}.Release|x86.ActiveCfg = Release|Any CPU
		{EDBF6F71-94CD-4A01-B729-A5AC255D9212}.Release|x86.Build.0 = Release|Any CPU
		{EDBF6F71-94CD-4A01-B729-A5AC255D9212}.Release|x86.Deploy.0 = Release|Any CPU
		{CFDDAA9E-4D89-490C-89B3-B03D79E6344E}.Ad-Hoc|Any CPU.ActiveCfg = Ad-Hoc|iPhone
		{CFDDAA9E-4D89-490C-89B3-B03D79E6344E}.Ad-Hoc|ARM.ActiveCfg = Ad-Hoc|iPhone
		{CFDDAA9E-4D89-490C-89B3-B03D79E6344E}.Ad-Hoc|iPhone.ActiveCfg = Ad-Hoc|iPhone
		{CFDDAA9E-4D89-490C-89B3-B03D79E6344E}.Ad-Hoc|iPhone.Build.0 = Ad-Hoc|iPhone
		{CFDDAA9E-4D89-490C-89B3-B03D79E6344E}.Ad-Hoc|iPhoneSimulator.ActiveCfg = Ad-Hoc|iPhoneSimulator
		{CFDDAA9E-4D89-490C-89B3-B03D79E6344E}.Ad-Hoc|iPhoneSimulator.Build.0 = Ad-Hoc|iPhoneSimulator
		{CFDDAA9E-4D89-490C-89B3-B03D79E6344E}.Ad-Hoc|x64.ActiveCfg = Ad-Hoc|iPhone
		{CFDDAA9E-4D89-490C-89B3-B03D79E6344E}.Ad-Hoc|x86.ActiveCfg = Ad-Hoc|iPhone
		{CFDDAA9E-4D89-490C-89B3-B03D79E6344E}.AppStore|Any CPU.ActiveCfg = AppStore|iPhone
		{CFDDAA9E-4D89-490C-89B3-B03D79E6344E}.AppStore|ARM.ActiveCfg = AppStore|iPhone
		{CFDDAA9E-4D89-490C-89B3-B03D79E6344E}.AppStore|iPhone.ActiveCfg = AppStore|iPhone
		{CFDDAA9E-4D89-490C-89B3-B03D79E6344E}.AppStore|iPhone.Build.0 = AppStore|iPhone
		{CFDDAA9E-4D89-490C-89B3-B03D79E6344E}.AppStore|iPhoneSimulator.ActiveCfg = AppStore|iPhoneSimulator
		{CFDDAA9E-4D89-490C-89B3-B03D79E6344E}.AppStore|iPhoneSimulator.Build.0 = AppStore|iPhoneSimulator
		{CFDDAA9E-4D89-490C-89B3-B03D79E6344E}.AppStore|x64.ActiveCfg = AppStore|iPhone
		{CFDDAA9E-4D89-490C-89B3-B03D79E6344E}.AppStore|x86.ActiveCfg = AppStore|iPhone
		{CFDDAA9E-4D89-490C-89B3-B03D79E6344E}.Debug|Any CPU.ActiveCfg = Debug|iPhone
		{CFDDAA9E-4D89-490C-89B3-B03D79E6344E}.Debug|Any CPU.Build.0 = Debug|iPhone
		{CFDDAA9E-4D89-490C-89B3-B03D79E6344E}.Debug|ARM.ActiveCfg = Debug|iPhone
		{CFDDAA9E-4D89-490C-89B3-B03D79E6344E}.Debug|iPhone.ActiveCfg = Debug|iPhone
		{CFDDAA9E-4D89-490C-89B3-B03D79E6344E}.Debug|iPhone.Build.0 = Debug|iPhone
		{CFDDAA9E-4D89-490C-89B3-B03D79E6344E}.Debug|iPhoneSimulator.ActiveCfg = Debug|iPhoneSimulator
		{CFDDAA9E-4D89-490C-89B3-B03D79E6344E}.Debug|iPhoneSimulator.Build.0 = Debug|iPhoneSimulator
		{CFDDAA9E-4D89-490C-89B3-B03D79E6344E}.Debug|x64.ActiveCfg = Debug|iPhone
		{CFDDAA9E-4D89-490C-89B3-B03D79E6344E}.Debug|x86.ActiveCfg = Debug|iPhone
		{CFDDAA9E-4D89-490C-89B3-B03D79E6344E}.Release|Any CPU.ActiveCfg = Release|iPhone
		{CFDDAA9E-4D89-490C-89B3-B03D79E6344E}.Release|ARM.ActiveCfg = Release|iPhone
		{CFDDAA9E-4D89-490C-89B3-B03D79E6344E}.Release|iPhone.ActiveCfg = Release|iPhone
		{CFDDAA9E-4D89-490C-89B3-B03D79E6344E}.Release|iPhone.Build.0 = Release|iPhone
		{CFDDAA9E-4D89-490C-89B3-B03D79E6344E}.Release|iPhoneSimulator.ActiveCfg = Release|iPhoneSimulator
		{CFDDAA9E-4D89-490C-89B3-B03D79E6344E}.Release|iPhoneSimulator.Build.0 = Release|iPhoneSimulator
		{CFDDAA9E-4D89-490C-89B3-B03D79E6344E}.Release|x64.ActiveCfg = Release|iPhone
		{CFDDAA9E-4D89-490C-89B3-B03D79E6344E}.Release|x86.ActiveCfg = Release|iPhone
		{8F624466-0A24-4726-B043-B2FCA0235D58}.Ad-Hoc|Any CPU.ActiveCfg = Debug|Any CPU
		{8F624466-0A24-4726-B043-B2FCA0235D58}.Ad-Hoc|Any CPU.Build.0 = Debug|Any CPU
		{8F624466-0A24-4726-B043-B2FCA0235D58}.Ad-Hoc|ARM.ActiveCfg = Debug|Any CPU
		{8F624466-0A24-4726-B043-B2FCA0235D58}.Ad-Hoc|ARM.Build.0 = Debug|Any CPU
		{8F624466-0A24-4726-B043-B2FCA0235D58}.Ad-Hoc|iPhone.ActiveCfg = Debug|Any CPU
		{8F624466-0A24-4726-B043-B2FCA0235D58}.Ad-Hoc|iPhone.Build.0 = Debug|Any CPU
		{8F624466-0A24-4726-B043-B2FCA0235D58}.Ad-Hoc|iPhoneSimulator.ActiveCfg = Debug|Any CPU
		{8F624466-0A24-4726-B043-B2FCA0235D58}.Ad-Hoc|iPhoneSimulator.Build.0 = Debug|Any CPU
		{8F624466-0A24-4726-B043-B2FCA0235D58}.Ad-Hoc|x64.ActiveCfg = Debug|Any CPU
		{8F624466-0A24-4726-B043-B2FCA0235D58}.Ad-Hoc|x64.Build.0 = Debug|Any CPU
		{8F624466-0A24-4726-B043-B2FCA0235D58}.Ad-Hoc|x86.ActiveCfg = Debug|Any CPU
		{8F624466-0A24-4726-B043-B2FCA0235D58}.Ad-Hoc|x86.Build.0 = Debug|Any CPU
		{8F624466-0A24-4726-B043-B2FCA0235D58}.AppStore|Any CPU.ActiveCfg = Debug|Any CPU
		{8F624466-0A24-4726-B043-B2FCA0235D58}.AppStore|Any CPU.Build.0 = Debug|Any CPU
		{8F624466-0A24-4726-B043-B2FCA0235D58}.AppStore|ARM.ActiveCfg = Debug|Any CPU
		{8F624466-0A24-4726-B043-B2FCA0235D58}.AppStore|ARM.Build.0 = Debug|Any CPU
		{8F624466-0A24-4726-B043-B2FCA0235D58}.AppStore|iPhone.ActiveCfg = Debug|Any CPU
		{8F624466-0A24-4726-B043-B2FCA0235D58}.AppStore|iPhone.Build.0 = Debug|Any CPU
		{8F624466-0A24-4726-B043-B2FCA0235D58}.AppStore|iPhoneSimulator.ActiveCfg = Debug|Any CPU
		{8F624466-0A24-4726-B043-B2FCA0235D58}.AppStore|iPhoneSimulator.Build.0 = Debug|Any CPU
		{8F624466-0A24-4726-B043-B2FCA0235D58}.AppStore|x64.ActiveCfg = Debug|Any CPU
		{8F624466-0A24-4726-B043-B2FCA0235D58}.AppStore|x64.Build.0 = Debug|Any CPU
		{8F624466-0A24-4726-B043-B2FCA0235D58}.AppStore|x86.ActiveCfg = Debug|Any CPU
		{8F624466-0A24-4726-B043-B2FCA0235D58}.AppStore|x86.Build.0 = Debug|Any CPU
		{8F624466-0A24-4726-B043-B2FCA0235D58}.Debug|Any CPU.ActiveCfg = Debug|Any CPU
		{8F624466-0A24-4726-B043-B2FCA0235D58}.Debug|Any CPU.Build.0 = Debug|Any CPU
		{8F624466-0A24-4726-B043-B2FCA0235D58}.Debug|ARM.ActiveCfg = Debug|Any CPU
		{8F624466-0A24-4726-B043-B2FCA0235D58}.Debug|ARM.Build.0 = Debug|Any CPU
		{8F624466-0A24-4726-B043-B2FCA0235D58}.Debug|iPhone.ActiveCfg = Debug|Any CPU
		{8F624466-0A24-4726-B043-B2FCA0235D58}.Debug|iPhone.Build.0 = Debug|Any CPU
		{8F624466-0A24-4726-B043-B2FCA0235D58}.Debug|iPhoneSimulator.ActiveCfg = Debug|Any CPU
		{8F624466-0A24-4726-B043-B2FCA0235D58}.Debug|iPhoneSimulator.Build.0 = Debug|Any CPU
		{8F624466-0A24-4726-B043-B2FCA0235D58}.Debug|x64.ActiveCfg = Debug|Any CPU
		{8F624466-0A24-4726-B043-B2FCA0235D58}.Debug|x64.Build.0 = Debug|Any CPU
		{8F624466-0A24-4726-B043-B2FCA0235D58}.Debug|x86.ActiveCfg = Debug|Any CPU
		{8F624466-0A24-4726-B043-B2FCA0235D58}.Debug|x86.Build.0 = Debug|Any CPU
		{8F624466-0A24-4726-B043-B2FCA0235D58}.Release|Any CPU.ActiveCfg = Release|Any CPU
		{8F624466-0A24-4726-B043-B2FCA0235D58}.Release|Any CPU.Build.0 = Release|Any CPU
		{8F624466-0A24-4726-B043-B2FCA0235D58}.Release|ARM.ActiveCfg = Release|Any CPU
		{8F624466-0A24-4726-B043-B2FCA0235D58}.Release|ARM.Build.0 = Release|Any CPU
		{8F624466-0A24-4726-B043-B2FCA0235D58}.Release|iPhone.ActiveCfg = Release|Any CPU
		{8F624466-0A24-4726-B043-B2FCA0235D58}.Release|iPhone.Build.0 = Release|Any CPU
		{8F624466-0A24-4726-B043-B2FCA0235D58}.Release|iPhoneSimulator.ActiveCfg = Release|Any CPU
		{8F624466-0A24-4726-B043-B2FCA0235D58}.Release|iPhoneSimulator.Build.0 = Release|Any CPU
		{8F624466-0A24-4726-B043-B2FCA0235D58}.Release|x64.ActiveCfg = Release|Any CPU
		{8F624466-0A24-4726-B043-B2FCA0235D58}.Release|x64.Build.0 = Release|Any CPU
		{8F624466-0A24-4726-B043-B2FCA0235D58}.Release|x86.ActiveCfg = Release|Any CPU
		{8F624466-0A24-4726-B043-B2FCA0235D58}.Release|x86.Build.0 = Release|Any CPU
		{FBB4192F-3CCF-43A6-B1E5-06A923F4AC34}.Ad-Hoc|Any CPU.ActiveCfg = Release|Any CPU
		{FBB4192F-3CCF-43A6-B1E5-06A923F4AC34}.Ad-Hoc|Any CPU.Build.0 = Release|Any CPU
		{FBB4192F-3CCF-43A6-B1E5-06A923F4AC34}.Ad-Hoc|Any CPU.Deploy.0 = Release|Any CPU
		{FBB4192F-3CCF-43A6-B1E5-06A923F4AC34}.Ad-Hoc|ARM.ActiveCfg = Release|Any CPU
		{FBB4192F-3CCF-43A6-B1E5-06A923F4AC34}.Ad-Hoc|ARM.Build.0 = Release|Any CPU
		{FBB4192F-3CCF-43A6-B1E5-06A923F4AC34}.Ad-Hoc|ARM.Deploy.0 = Release|Any CPU
		{FBB4192F-3CCF-43A6-B1E5-06A923F4AC34}.Ad-Hoc|iPhone.ActiveCfg = Release|Any CPU
		{FBB4192F-3CCF-43A6-B1E5-06A923F4AC34}.Ad-Hoc|iPhone.Build.0 = Release|Any CPU
		{FBB4192F-3CCF-43A6-B1E5-06A923F4AC34}.Ad-Hoc|iPhone.Deploy.0 = Release|Any CPU
		{FBB4192F-3CCF-43A6-B1E5-06A923F4AC34}.Ad-Hoc|iPhoneSimulator.ActiveCfg = Release|Any CPU
		{FBB4192F-3CCF-43A6-B1E5-06A923F4AC34}.Ad-Hoc|iPhoneSimulator.Build.0 = Release|Any CPU
		{FBB4192F-3CCF-43A6-B1E5-06A923F4AC34}.Ad-Hoc|iPhoneSimulator.Deploy.0 = Release|Any CPU
		{FBB4192F-3CCF-43A6-B1E5-06A923F4AC34}.Ad-Hoc|x64.ActiveCfg = Release|Any CPU
		{FBB4192F-3CCF-43A6-B1E5-06A923F4AC34}.Ad-Hoc|x64.Build.0 = Release|Any CPU
		{FBB4192F-3CCF-43A6-B1E5-06A923F4AC34}.Ad-Hoc|x64.Deploy.0 = Release|Any CPU
		{FBB4192F-3CCF-43A6-B1E5-06A923F4AC34}.Ad-Hoc|x86.ActiveCfg = Release|Any CPU
		{FBB4192F-3CCF-43A6-B1E5-06A923F4AC34}.Ad-Hoc|x86.Build.0 = Release|Any CPU
		{FBB4192F-3CCF-43A6-B1E5-06A923F4AC34}.Ad-Hoc|x86.Deploy.0 = Release|Any CPU
		{FBB4192F-3CCF-43A6-B1E5-06A923F4AC34}.AppStore|Any CPU.ActiveCfg = Release|Any CPU
		{FBB4192F-3CCF-43A6-B1E5-06A923F4AC34}.AppStore|Any CPU.Build.0 = Release|Any CPU
		{FBB4192F-3CCF-43A6-B1E5-06A923F4AC34}.AppStore|Any CPU.Deploy.0 = Release|Any CPU
		{FBB4192F-3CCF-43A6-B1E5-06A923F4AC34}.AppStore|ARM.ActiveCfg = Release|Any CPU
		{FBB4192F-3CCF-43A6-B1E5-06A923F4AC34}.AppStore|ARM.Build.0 = Release|Any CPU
		{FBB4192F-3CCF-43A6-B1E5-06A923F4AC34}.AppStore|ARM.Deploy.0 = Release|Any CPU
		{FBB4192F-3CCF-43A6-B1E5-06A923F4AC34}.AppStore|iPhone.ActiveCfg = Release|Any CPU
		{FBB4192F-3CCF-43A6-B1E5-06A923F4AC34}.AppStore|iPhone.Build.0 = Release|Any CPU
		{FBB4192F-3CCF-43A6-B1E5-06A923F4AC34}.AppStore|iPhone.Deploy.0 = Release|Any CPU
		{FBB4192F-3CCF-43A6-B1E5-06A923F4AC34}.AppStore|iPhoneSimulator.ActiveCfg = Release|Any CPU
		{FBB4192F-3CCF-43A6-B1E5-06A923F4AC34}.AppStore|iPhoneSimulator.Build.0 = Release|Any CPU
		{FBB4192F-3CCF-43A6-B1E5-06A923F4AC34}.AppStore|iPhoneSimulator.Deploy.0 = Release|Any CPU
		{FBB4192F-3CCF-43A6-B1E5-06A923F4AC34}.AppStore|x64.ActiveCfg = Release|Any CPU
		{FBB4192F-3CCF-43A6-B1E5-06A923F4AC34}.AppStore|x64.Build.0 = Release|Any CPU
		{FBB4192F-3CCF-43A6-B1E5-06A923F4AC34}.AppStore|x64.Deploy.0 = Release|Any CPU
		{FBB4192F-3CCF-43A6-B1E5-06A923F4AC34}.AppStore|x86.ActiveCfg = Release|Any CPU
		{FBB4192F-3CCF-43A6-B1E5-06A923F4AC34}.AppStore|x86.Build.0 = Release|Any CPU
		{FBB4192F-3CCF-43A6-B1E5-06A923F4AC34}.AppStore|x86.Deploy.0 = Release|Any CPU
		{FBB4192F-3CCF-43A6-B1E5-06A923F4AC34}.Debug|Any CPU.ActiveCfg = Debug|Any CPU
		{FBB4192F-3CCF-43A6-B1E5-06A923F4AC34}.Debug|Any CPU.Build.0 = Debug|Any CPU
		{FBB4192F-3CCF-43A6-B1E5-06A923F4AC34}.Debug|Any CPU.Deploy.0 = Debug|Any CPU
		{FBB4192F-3CCF-43A6-B1E5-06A923F4AC34}.Debug|ARM.ActiveCfg = Debug|Any CPU
		{FBB4192F-3CCF-43A6-B1E5-06A923F4AC34}.Debug|ARM.Build.0 = Debug|Any CPU
		{FBB4192F-3CCF-43A6-B1E5-06A923F4AC34}.Debug|ARM.Deploy.0 = Debug|Any CPU
		{FBB4192F-3CCF-43A6-B1E5-06A923F4AC34}.Debug|iPhone.ActiveCfg = Debug|Any CPU
		{FBB4192F-3CCF-43A6-B1E5-06A923F4AC34}.Debug|iPhone.Build.0 = Debug|Any CPU
		{FBB4192F-3CCF-43A6-B1E5-06A923F4AC34}.Debug|iPhone.Deploy.0 = Debug|Any CPU
		{FBB4192F-3CCF-43A6-B1E5-06A923F4AC34}.Debug|iPhoneSimulator.ActiveCfg = Debug|Any CPU
		{FBB4192F-3CCF-43A6-B1E5-06A923F4AC34}.Debug|iPhoneSimulator.Build.0 = Debug|Any CPU
		{FBB4192F-3CCF-43A6-B1E5-06A923F4AC34}.Debug|iPhoneSimulator.Deploy.0 = Debug|Any CPU
		{FBB4192F-3CCF-43A6-B1E5-06A923F4AC34}.Debug|x64.ActiveCfg = Debug|Any CPU
		{FBB4192F-3CCF-43A6-B1E5-06A923F4AC34}.Debug|x64.Build.0 = Debug|Any CPU
		{FBB4192F-3CCF-43A6-B1E5-06A923F4AC34}.Debug|x64.Deploy.0 = Debug|Any CPU
		{FBB4192F-3CCF-43A6-B1E5-06A923F4AC34}.Debug|x86.ActiveCfg = Debug|Any CPU
		{FBB4192F-3CCF-43A6-B1E5-06A923F4AC34}.Debug|x86.Build.0 = Debug|Any CPU
		{FBB4192F-3CCF-43A6-B1E5-06A923F4AC34}.Debug|x86.Deploy.0 = Debug|Any CPU
		{FBB4192F-3CCF-43A6-B1E5-06A923F4AC34}.Release|Any CPU.ActiveCfg = Release|Any CPU
		{FBB4192F-3CCF-43A6-B1E5-06A923F4AC34}.Release|Any CPU.Build.0 = Release|Any CPU
		{FBB4192F-3CCF-43A6-B1E5-06A923F4AC34}.Release|Any CPU.Deploy.0 = Release|Any CPU
		{FBB4192F-3CCF-43A6-B1E5-06A923F4AC34}.Release|ARM.ActiveCfg = Release|Any CPU
		{FBB4192F-3CCF-43A6-B1E5-06A923F4AC34}.Release|ARM.Build.0 = Release|Any CPU
		{FBB4192F-3CCF-43A6-B1E5-06A923F4AC34}.Release|ARM.Deploy.0 = Release|Any CPU
		{FBB4192F-3CCF-43A6-B1E5-06A923F4AC34}.Release|iPhone.ActiveCfg = Release|Any CPU
		{FBB4192F-3CCF-43A6-B1E5-06A923F4AC34}.Release|iPhone.Build.0 = Release|Any CPU
		{FBB4192F-3CCF-43A6-B1E5-06A923F4AC34}.Release|iPhone.Deploy.0 = Release|Any CPU
		{FBB4192F-3CCF-43A6-B1E5-06A923F4AC34}.Release|iPhoneSimulator.ActiveCfg = Release|Any CPU
		{FBB4192F-3CCF-43A6-B1E5-06A923F4AC34}.Release|iPhoneSimulator.Build.0 = Release|Any CPU
		{FBB4192F-3CCF-43A6-B1E5-06A923F4AC34}.Release|iPhoneSimulator.Deploy.0 = Release|Any CPU
		{FBB4192F-3CCF-43A6-B1E5-06A923F4AC34}.Release|x64.ActiveCfg = Release|Any CPU
		{FBB4192F-3CCF-43A6-B1E5-06A923F4AC34}.Release|x64.Build.0 = Release|Any CPU
		{FBB4192F-3CCF-43A6-B1E5-06A923F4AC34}.Release|x64.Deploy.0 = Release|Any CPU
		{FBB4192F-3CCF-43A6-B1E5-06A923F4AC34}.Release|x86.ActiveCfg = Release|Any CPU
		{FBB4192F-3CCF-43A6-B1E5-06A923F4AC34}.Release|x86.Build.0 = Release|Any CPU
		{FBB4192F-3CCF-43A6-B1E5-06A923F4AC34}.Release|x86.Deploy.0 = Release|Any CPU
		{1AD90899-88FC-4DE1-8520-300FA2803C2F}.Ad-Hoc|Any CPU.ActiveCfg = Release|Any CPU
		{1AD90899-88FC-4DE1-8520-300FA2803C2F}.Ad-Hoc|Any CPU.Build.0 = Release|Any CPU
		{1AD90899-88FC-4DE1-8520-300FA2803C2F}.Ad-Hoc|ARM.ActiveCfg = Release|Any CPU
		{1AD90899-88FC-4DE1-8520-300FA2803C2F}.Ad-Hoc|ARM.Build.0 = Release|Any CPU
		{1AD90899-88FC-4DE1-8520-300FA2803C2F}.Ad-Hoc|iPhone.ActiveCfg = Release|Any CPU
		{1AD90899-88FC-4DE1-8520-300FA2803C2F}.Ad-Hoc|iPhone.Build.0 = Release|Any CPU
		{1AD90899-88FC-4DE1-8520-300FA2803C2F}.Ad-Hoc|iPhoneSimulator.ActiveCfg = Release|Any CPU
		{1AD90899-88FC-4DE1-8520-300FA2803C2F}.Ad-Hoc|iPhoneSimulator.Build.0 = Release|Any CPU
		{1AD90899-88FC-4DE1-8520-300FA2803C2F}.Ad-Hoc|x64.ActiveCfg = Release|Any CPU
		{1AD90899-88FC-4DE1-8520-300FA2803C2F}.Ad-Hoc|x64.Build.0 = Release|Any CPU
		{1AD90899-88FC-4DE1-8520-300FA2803C2F}.Ad-Hoc|x86.ActiveCfg = Release|Any CPU
		{1AD90899-88FC-4DE1-8520-300FA2803C2F}.Ad-Hoc|x86.Build.0 = Release|Any CPU
		{1AD90899-88FC-4DE1-8520-300FA2803C2F}.AppStore|Any CPU.ActiveCfg = Release|Any CPU
		{1AD90899-88FC-4DE1-8520-300FA2803C2F}.AppStore|Any CPU.Build.0 = Release|Any CPU
		{1AD90899-88FC-4DE1-8520-300FA2803C2F}.AppStore|ARM.ActiveCfg = Release|Any CPU
		{1AD90899-88FC-4DE1-8520-300FA2803C2F}.AppStore|ARM.Build.0 = Release|Any CPU
		{1AD90899-88FC-4DE1-8520-300FA2803C2F}.AppStore|iPhone.ActiveCfg = Release|Any CPU
		{1AD90899-88FC-4DE1-8520-300FA2803C2F}.AppStore|iPhone.Build.0 = Release|Any CPU
		{1AD90899-88FC-4DE1-8520-300FA2803C2F}.AppStore|iPhoneSimulator.ActiveCfg = Release|Any CPU
		{1AD90899-88FC-4DE1-8520-300FA2803C2F}.AppStore|iPhoneSimulator.Build.0 = Release|Any CPU
		{1AD90899-88FC-4DE1-8520-300FA2803C2F}.AppStore|x64.ActiveCfg = Release|Any CPU
		{1AD90899-88FC-4DE1-8520-300FA2803C2F}.AppStore|x64.Build.0 = Release|Any CPU
		{1AD90899-88FC-4DE1-8520-300FA2803C2F}.AppStore|x86.ActiveCfg = Release|Any CPU
		{1AD90899-88FC-4DE1-8520-300FA2803C2F}.AppStore|x86.Build.0 = Release|Any CPU
		{1AD90899-88FC-4DE1-8520-300FA2803C2F}.Debug|Any CPU.ActiveCfg = Debug|Any CPU
		{1AD90899-88FC-4DE1-8520-300FA2803C2F}.Debug|Any CPU.Build.0 = Debug|Any CPU
		{1AD90899-88FC-4DE1-8520-300FA2803C2F}.Debug|ARM.ActiveCfg = Debug|Any CPU
		{1AD90899-88FC-4DE1-8520-300FA2803C2F}.Debug|ARM.Build.0 = Debug|Any CPU
		{1AD90899-88FC-4DE1-8520-300FA2803C2F}.Debug|iPhone.ActiveCfg = Debug|Any CPU
		{1AD90899-88FC-4DE1-8520-300FA2803C2F}.Debug|iPhone.Build.0 = Debug|Any CPU
		{1AD90899-88FC-4DE1-8520-300FA2803C2F}.Debug|iPhoneSimulator.ActiveCfg = Debug|Any CPU
		{1AD90899-88FC-4DE1-8520-300FA2803C2F}.Debug|iPhoneSimulator.Build.0 = Debug|Any CPU
		{1AD90899-88FC-4DE1-8520-300FA2803C2F}.Debug|x64.ActiveCfg = Debug|Any CPU
		{1AD90899-88FC-4DE1-8520-300FA2803C2F}.Debug|x64.Build.0 = Debug|Any CPU
		{1AD90899-88FC-4DE1-8520-300FA2803C2F}.Debug|x86.ActiveCfg = Debug|Any CPU
		{1AD90899-88FC-4DE1-8520-300FA2803C2F}.Debug|x86.Build.0 = Debug|Any CPU
		{1AD90899-88FC-4DE1-8520-300FA2803C2F}.Release|Any CPU.ActiveCfg = Release|Any CPU
		{1AD90899-88FC-4DE1-8520-300FA2803C2F}.Release|Any CPU.Build.0 = Release|Any CPU
		{1AD90899-88FC-4DE1-8520-300FA2803C2F}.Release|ARM.ActiveCfg = Release|Any CPU
		{1AD90899-88FC-4DE1-8520-300FA2803C2F}.Release|ARM.Build.0 = Release|Any CPU
		{1AD90899-88FC-4DE1-8520-300FA2803C2F}.Release|iPhone.ActiveCfg = Release|Any CPU
		{1AD90899-88FC-4DE1-8520-300FA2803C2F}.Release|iPhone.Build.0 = Release|Any CPU
		{1AD90899-88FC-4DE1-8520-300FA2803C2F}.Release|iPhoneSimulator.ActiveCfg = Release|Any CPU
		{1AD90899-88FC-4DE1-8520-300FA2803C2F}.Release|iPhoneSimulator.Build.0 = Release|Any CPU
		{1AD90899-88FC-4DE1-8520-300FA2803C2F}.Release|x64.ActiveCfg = Release|Any CPU
		{1AD90899-88FC-4DE1-8520-300FA2803C2F}.Release|x64.Build.0 = Release|Any CPU
		{1AD90899-88FC-4DE1-8520-300FA2803C2F}.Release|x86.ActiveCfg = Release|Any CPU
		{1AD90899-88FC-4DE1-8520-300FA2803C2F}.Release|x86.Build.0 = Release|Any CPU
		{745268D5-01E9-46AF-A014-266A5437A8E9}.Ad-Hoc|Any CPU.ActiveCfg = Release|iPhone
		{745268D5-01E9-46AF-A014-266A5437A8E9}.Ad-Hoc|Any CPU.Build.0 = Release|iPhone
		{745268D5-01E9-46AF-A014-266A5437A8E9}.Ad-Hoc|ARM.ActiveCfg = Release|iPhone
		{745268D5-01E9-46AF-A014-266A5437A8E9}.Ad-Hoc|ARM.Build.0 = Release|iPhone
		{745268D5-01E9-46AF-A014-266A5437A8E9}.Ad-Hoc|iPhone.ActiveCfg = Release|iPhone
		{745268D5-01E9-46AF-A014-266A5437A8E9}.Ad-Hoc|iPhone.Build.0 = Release|iPhone
		{745268D5-01E9-46AF-A014-266A5437A8E9}.Ad-Hoc|iPhoneSimulator.ActiveCfg = Release|iPhoneSimulator
		{745268D5-01E9-46AF-A014-266A5437A8E9}.Ad-Hoc|iPhoneSimulator.Build.0 = Release|iPhoneSimulator
		{745268D5-01E9-46AF-A014-266A5437A8E9}.Ad-Hoc|x64.ActiveCfg = Release|iPhone
		{745268D5-01E9-46AF-A014-266A5437A8E9}.Ad-Hoc|x64.Build.0 = Release|iPhone
		{745268D5-01E9-46AF-A014-266A5437A8E9}.Ad-Hoc|x86.ActiveCfg = Release|iPhone
		{745268D5-01E9-46AF-A014-266A5437A8E9}.Ad-Hoc|x86.Build.0 = Release|iPhone
		{745268D5-01E9-46AF-A014-266A5437A8E9}.AppStore|Any CPU.ActiveCfg = Release|iPhone
		{745268D5-01E9-46AF-A014-266A5437A8E9}.AppStore|Any CPU.Build.0 = Release|iPhone
		{745268D5-01E9-46AF-A014-266A5437A8E9}.AppStore|ARM.ActiveCfg = Release|iPhone
		{745268D5-01E9-46AF-A014-266A5437A8E9}.AppStore|ARM.Build.0 = Release|iPhone
		{745268D5-01E9-46AF-A014-266A5437A8E9}.AppStore|iPhone.ActiveCfg = Release|iPhone
		{745268D5-01E9-46AF-A014-266A5437A8E9}.AppStore|iPhone.Build.0 = Release|iPhone
		{745268D5-01E9-46AF-A014-266A5437A8E9}.AppStore|iPhoneSimulator.ActiveCfg = Release|iPhoneSimulator
		{745268D5-01E9-46AF-A014-266A5437A8E9}.AppStore|iPhoneSimulator.Build.0 = Release|iPhoneSimulator
		{745268D5-01E9-46AF-A014-266A5437A8E9}.AppStore|x64.ActiveCfg = Release|iPhone
		{745268D5-01E9-46AF-A014-266A5437A8E9}.AppStore|x64.Build.0 = Release|iPhone
		{745268D5-01E9-46AF-A014-266A5437A8E9}.AppStore|x86.ActiveCfg = Release|iPhone
		{745268D5-01E9-46AF-A014-266A5437A8E9}.AppStore|x86.Build.0 = Release|iPhone
		{745268D5-01E9-46AF-A014-266A5437A8E9}.Debug|Any CPU.ActiveCfg = Debug|iPhone
		{745268D5-01E9-46AF-A014-266A5437A8E9}.Debug|Any CPU.Build.0 = Debug|iPhone
		{745268D5-01E9-46AF-A014-266A5437A8E9}.Debug|ARM.ActiveCfg = Debug|iPhone
		{745268D5-01E9-46AF-A014-266A5437A8E9}.Debug|iPhone.ActiveCfg = Debug|iPhone
		{745268D5-01E9-46AF-A014-266A5437A8E9}.Debug|iPhone.Build.0 = Debug|iPhone
		{745268D5-01E9-46AF-A014-266A5437A8E9}.Debug|iPhoneSimulator.ActiveCfg = Debug|iPhoneSimulator
		{745268D5-01E9-46AF-A014-266A5437A8E9}.Debug|iPhoneSimulator.Build.0 = Debug|iPhoneSimulator
		{745268D5-01E9-46AF-A014-266A5437A8E9}.Debug|x64.ActiveCfg = Debug|iPhone
		{745268D5-01E9-46AF-A014-266A5437A8E9}.Debug|x86.ActiveCfg = Debug|iPhone
		{745268D5-01E9-46AF-A014-266A5437A8E9}.Release|Any CPU.ActiveCfg = Release|iPhone
		{745268D5-01E9-46AF-A014-266A5437A8E9}.Release|ARM.ActiveCfg = Release|iPhone
		{745268D5-01E9-46AF-A014-266A5437A8E9}.Release|iPhone.ActiveCfg = Release|iPhone
		{745268D5-01E9-46AF-A014-266A5437A8E9}.Release|iPhone.Build.0 = Release|iPhone
		{745268D5-01E9-46AF-A014-266A5437A8E9}.Release|iPhoneSimulator.ActiveCfg = Release|iPhoneSimulator
		{745268D5-01E9-46AF-A014-266A5437A8E9}.Release|iPhoneSimulator.Build.0 = Release|iPhoneSimulator
		{745268D5-01E9-46AF-A014-266A5437A8E9}.Release|x64.ActiveCfg = Release|iPhone
		{745268D5-01E9-46AF-A014-266A5437A8E9}.Release|x86.ActiveCfg = Release|iPhone
		{A1D25648-E6CB-45AF-A346-F3186967A09E}.Ad-Hoc|Any CPU.ActiveCfg = Release|Any CPU
		{A1D25648-E6CB-45AF-A346-F3186967A09E}.Ad-Hoc|Any CPU.Build.0 = Release|Any CPU
		{A1D25648-E6CB-45AF-A346-F3186967A09E}.Ad-Hoc|ARM.ActiveCfg = Release|Any CPU
		{A1D25648-E6CB-45AF-A346-F3186967A09E}.Ad-Hoc|ARM.Build.0 = Release|Any CPU
		{A1D25648-E6CB-45AF-A346-F3186967A09E}.Ad-Hoc|iPhone.ActiveCfg = Release|Any CPU
		{A1D25648-E6CB-45AF-A346-F3186967A09E}.Ad-Hoc|iPhone.Build.0 = Release|Any CPU
		{A1D25648-E6CB-45AF-A346-F3186967A09E}.Ad-Hoc|iPhoneSimulator.ActiveCfg = Release|Any CPU
		{A1D25648-E6CB-45AF-A346-F3186967A09E}.Ad-Hoc|iPhoneSimulator.Build.0 = Release|Any CPU
		{A1D25648-E6CB-45AF-A346-F3186967A09E}.Ad-Hoc|x64.ActiveCfg = Release|Any CPU
		{A1D25648-E6CB-45AF-A346-F3186967A09E}.Ad-Hoc|x64.Build.0 = Release|Any CPU
		{A1D25648-E6CB-45AF-A346-F3186967A09E}.Ad-Hoc|x86.ActiveCfg = Release|Any CPU
		{A1D25648-E6CB-45AF-A346-F3186967A09E}.Ad-Hoc|x86.Build.0 = Release|Any CPU
		{A1D25648-E6CB-45AF-A346-F3186967A09E}.AppStore|Any CPU.ActiveCfg = Release|Any CPU
		{A1D25648-E6CB-45AF-A346-F3186967A09E}.AppStore|Any CPU.Build.0 = Release|Any CPU
		{A1D25648-E6CB-45AF-A346-F3186967A09E}.AppStore|ARM.ActiveCfg = Release|Any CPU
		{A1D25648-E6CB-45AF-A346-F3186967A09E}.AppStore|ARM.Build.0 = Release|Any CPU
		{A1D25648-E6CB-45AF-A346-F3186967A09E}.AppStore|iPhone.ActiveCfg = Release|Any CPU
		{A1D25648-E6CB-45AF-A346-F3186967A09E}.AppStore|iPhone.Build.0 = Release|Any CPU
		{A1D25648-E6CB-45AF-A346-F3186967A09E}.AppStore|iPhoneSimulator.ActiveCfg = Release|Any CPU
		{A1D25648-E6CB-45AF-A346-F3186967A09E}.AppStore|iPhoneSimulator.Build.0 = Release|Any CPU
		{A1D25648-E6CB-45AF-A346-F3186967A09E}.AppStore|x64.ActiveCfg = Release|Any CPU
		{A1D25648-E6CB-45AF-A346-F3186967A09E}.AppStore|x64.Build.0 = Release|Any CPU
		{A1D25648-E6CB-45AF-A346-F3186967A09E}.AppStore|x86.ActiveCfg = Release|Any CPU
		{A1D25648-E6CB-45AF-A346-F3186967A09E}.AppStore|x86.Build.0 = Release|Any CPU
		{A1D25648-E6CB-45AF-A346-F3186967A09E}.Debug|Any CPU.ActiveCfg = Debug|Any CPU
		{A1D25648-E6CB-45AF-A346-F3186967A09E}.Debug|Any CPU.Build.0 = Debug|Any CPU
		{A1D25648-E6CB-45AF-A346-F3186967A09E}.Debug|ARM.ActiveCfg = Debug|Any CPU
		{A1D25648-E6CB-45AF-A346-F3186967A09E}.Debug|ARM.Build.0 = Debug|Any CPU
		{A1D25648-E6CB-45AF-A346-F3186967A09E}.Debug|iPhone.ActiveCfg = Debug|Any CPU
		{A1D25648-E6CB-45AF-A346-F3186967A09E}.Debug|iPhone.Build.0 = Debug|Any CPU
		{A1D25648-E6CB-45AF-A346-F3186967A09E}.Debug|iPhoneSimulator.ActiveCfg = Debug|Any CPU
		{A1D25648-E6CB-45AF-A346-F3186967A09E}.Debug|iPhoneSimulator.Build.0 = Debug|Any CPU
		{A1D25648-E6CB-45AF-A346-F3186967A09E}.Debug|x64.ActiveCfg = Debug|Any CPU
		{A1D25648-E6CB-45AF-A346-F3186967A09E}.Debug|x64.Build.0 = Debug|Any CPU
		{A1D25648-E6CB-45AF-A346-F3186967A09E}.Debug|x86.ActiveCfg = Debug|Any CPU
		{A1D25648-E6CB-45AF-A346-F3186967A09E}.Debug|x86.Build.0 = Debug|Any CPU
		{A1D25648-E6CB-45AF-A346-F3186967A09E}.Release|Any CPU.ActiveCfg = Release|Any CPU
		{A1D25648-E6CB-45AF-A346-F3186967A09E}.Release|Any CPU.Build.0 = Release|Any CPU
		{A1D25648-E6CB-45AF-A346-F3186967A09E}.Release|ARM.ActiveCfg = Release|Any CPU
		{A1D25648-E6CB-45AF-A346-F3186967A09E}.Release|ARM.Build.0 = Release|Any CPU
		{A1D25648-E6CB-45AF-A346-F3186967A09E}.Release|iPhone.ActiveCfg = Release|Any CPU
		{A1D25648-E6CB-45AF-A346-F3186967A09E}.Release|iPhone.Build.0 = Release|Any CPU
		{A1D25648-E6CB-45AF-A346-F3186967A09E}.Release|iPhoneSimulator.ActiveCfg = Release|Any CPU
		{A1D25648-E6CB-45AF-A346-F3186967A09E}.Release|iPhoneSimulator.Build.0 = Release|Any CPU
		{A1D25648-E6CB-45AF-A346-F3186967A09E}.Release|x64.ActiveCfg = Release|Any CPU
		{A1D25648-E6CB-45AF-A346-F3186967A09E}.Release|x64.Build.0 = Release|Any CPU
		{A1D25648-E6CB-45AF-A346-F3186967A09E}.Release|x86.ActiveCfg = Release|Any CPU
		{A1D25648-E6CB-45AF-A346-F3186967A09E}.Release|x86.Build.0 = Release|Any CPU
	EndGlobalSection
	GlobalSection(SolutionProperties) = preSolution
		HideSolutionNode = FALSE
	EndGlobalSection
	GlobalSection(NestedProjects) = preSolution
		{8F624466-0A24-4726-B043-B2FCA0235D58} = {FEF6AF42-7A62-4A7D-BD44-6A15821C445F}
		{FBB4192F-3CCF-43A6-B1E5-06A923F4AC34} = {FEF6AF42-7A62-4A7D-BD44-6A15821C445F}
		{1AD90899-88FC-4DE1-8520-300FA2803C2F} = {FEF6AF42-7A62-4A7D-BD44-6A15821C445F}
		{745268D5-01E9-46AF-A014-266A5437A8E9} = {FEF6AF42-7A62-4A7D-BD44-6A15821C445F}
		{A1D25648-E6CB-45AF-A346-F3186967A09E} = {FEF6AF42-7A62-4A7D-BD44-6A15821C445F}
	EndGlobalSection
	GlobalSection(ExtensibilityGlobals) = postSolution
		SolutionGuid = {EE7CBCA1-7D2D-477C-9A7F-50F115C16D99}
	EndGlobalSection
EndGlobal
